// !$*UTF8*$!
{
	archiveVersion = 1;
	classes = {
	};
	objectVersion = 46;
	objects = {

/* Begin PBXBuildFile section */
		2C76AED920690F2600596BA5 /* AppDelegate.swift in Sources */ = {isa = PBXBuildFile; fileRef = 2C76AED820690F2600596BA5 /* AppDelegate.swift */; };
		2C76AEDB20690F2600596BA5 /* ViewController.swift in Sources */ = {isa = PBXBuildFile; fileRef = 2C76AEDA20690F2600596BA5 /* ViewController.swift */; };
		2C76AEDE20690F2600596BA5 /* Main.storyboard in Resources */ = {isa = PBXBuildFile; fileRef = 2C76AEDC20690F2600596BA5 /* Main.storyboard */; };
		2C76AEE020690F2600596BA5 /* Assets.xcassets in Resources */ = {isa = PBXBuildFile; fileRef = 2C76AEDF20690F2600596BA5 /* Assets.xcassets */; };
		2C76AEE320690F2600596BA5 /* LaunchScreen.storyboard in Resources */ = {isa = PBXBuildFile; fileRef = 2C76AEE120690F2600596BA5 /* LaunchScreen.storyboard */; };
		2C76AEEE20690F2600596BA5 /* Ni15aaf_Car_Racing_GameTests.swift in Sources */ = {isa = PBXBuildFile; fileRef = 2C76AEED20690F2600596BA5 /* Ni15aaf_Car_Racing_GameTests.swift */; };
		2C76AEF920690F2600596BA5 /* Ni15aaf_Car_Racing_GameUITests.swift in Sources */ = {isa = PBXBuildFile; fileRef = 2C76AEF820690F2600596BA5 /* Ni15aaf_Car_Racing_GameUITests.swift */; };
/* End PBXBuildFile section */

/* Begin PBXContainerItemProxy section */
		2C76AEEA20690F2600596BA5 /* PBXContainerItemProxy */ = {
			isa = PBXContainerItemProxy;
			containerPortal = 2C76AECD20690F2600596BA5 /* Project object */;
			proxyType = 1;
			remoteGlobalIDString = 2C76AED420690F2600596BA5;
			remoteInfo = "Ni15aaf_Car Racing Game";
		};
		2C76AEF520690F2600596BA5 /* PBXContainerItemProxy */ = {
			isa = PBXContainerItemProxy;
			containerPortal = 2C76AECD20690F2600596BA5 /* Project object */;
			proxyType = 1;
			remoteGlobalIDString = 2C76AED420690F2600596BA5;
			remoteInfo = "Ni15aaf_Car Racing Game";
		};
/* End PBXContainerItemProxy section */

/* Begin PBXFileReference section */
		2C76AED520690F2600596BA5 /* Ni15aaf_Car Racing Game.app */ = {isa = PBXFileReference; explicitFileType = wrapper.application; includeInIndex = 0; path = "Ni15aaf_Car Racing Game.app"; sourceTree = BUILT_PRODUCTS_DIR; };
		2C76AED820690F2600596BA5 /* AppDelegate.swift */ = {isa = PBXFileReference; lastKnownFileType = sourcecode.swift; path = AppDelegate.swift; sourceTree = "<group>"; };
		2C76AEDA20690F2600596BA5 /* ViewController.swift */ = {isa = PBXFileReference; lastKnownFileType = sourcecode.swift; path = ViewController.swift; sourceTree = "<group>"; };
		2C76AEDD20690F2600596BA5 /* Base */ = {isa = PBXFileReference; lastKnownFileType = file.storyboard; name = Base; path = Base.lproj/Main.storyboard; sourceTree = "<group>"; };
		2C76AEDF20690F2600596BA5 /* Assets.xcassets */ = {isa = PBXFileReference; lastKnownFileType = folder.assetcatalog; path = Assets.xcassets; sourceTree = "<group>"; };
		2C76AEE220690F2600596BA5 /* Base */ = {isa = PBXFileReference; lastKnownFileType = file.storyboard; name = Base; path = Base.lproj/LaunchScreen.storyboard; sourceTree = "<group>"; };
		2C76AEE420690F2600596BA5 /* Info.plist */ = {isa = PBXFileReference; lastKnownFileType = text.plist.xml; path = Info.plist; sourceTree = "<group>"; };
		2C76AEE920690F2600596BA5 /* Ni15aaf_Car Racing GameTests.xctest */ = {isa = PBXFileReference; explicitFileType = wrapper.cfbundle; includeInIndex = 0; path = "Ni15aaf_Car Racing GameTests.xctest"; sourceTree = BUILT_PRODUCTS_DIR; };
		2C76AEED20690F2600596BA5 /* Ni15aaf_Car_Racing_GameTests.swift */ = {isa = PBXFileReference; lastKnownFileType = sourcecode.swift; path = Ni15aaf_Car_Racing_GameTests.swift; sourceTree = "<group>"; };
		2C76AEEF20690F2600596BA5 /* Info.plist */ = {isa = PBXFileReference; lastKnownFileType = text.plist.xml; path = Info.plist; sourceTree = "<group>"; };
		2C76AEF420690F2600596BA5 /* Ni15aaf_Car Racing GameUITests.xctest */ = {isa = PBXFileReference; explicitFileType = wrapper.cfbundle; includeInIndex = 0; path = "Ni15aaf_Car Racing GameUITests.xctest"; sourceTree = BUILT_PRODUCTS_DIR; };
		2C76AEF820690F2600596BA5 /* Ni15aaf_Car_Racing_GameUITests.swift */ = {isa = PBXFileReference; lastKnownFileType = sourcecode.swift; path = Ni15aaf_Car_Racing_GameUITests.swift; sourceTree = "<group>"; };
		2C76AEFA20690F2600596BA5 /* Info.plist */ = {isa = PBXFileReference; lastKnownFileType = text.plist.xml; path = Info.plist; sourceTree = "<group>"; };
/* End PBXFileReference section */

/* Begin PBXFrameworksBuildPhase section */
		2C76AED220690F2600596BA5 /* Frameworks */ = {
			isa = PBXFrameworksBuildPhase;
			buildActionMask = 2147483647;
			files = (
			);
			runOnlyForDeploymentPostprocessing = 0;
		};
		2C76AEE620690F2600596BA5 /* Frameworks */ = {
			isa = PBXFrameworksBuildPhase;
			buildActionMask = 2147483647;
			files = (
			);
			runOnlyForDeploymentPostprocessing = 0;
		};
		2C76AEF120690F2600596BA5 /* Frameworks */ = {
			isa = PBXFrameworksBuildPhase;
			buildActionMask = 2147483647;
			files = (
			);
			runOnlyForDeploymentPostprocessing = 0;
		};
/* End PBXFrameworksBuildPhase section */

/* Begin PBXGroup section */
		2C76AECC20690F2600596BA5 = {
			isa = PBXGroup;
			children = (
				2C76AED720690F2600596BA5 /* Ni15aaf_Car Racing Game */,
				2C76AEEC20690F2600596BA5 /* Ni15aaf_Car Racing GameTests */,
				2C76AEF720690F2600596BA5 /* Ni15aaf_Car Racing GameUITests */,
				2C76AED620690F2600596BA5 /* Products */,
			);
			sourceTree = "<group>";
		};
		2C76AED620690F2600596BA5 /* Products */ = {
			isa = PBXGroup;
			children = (
				2C76AED520690F2600596BA5 /* Ni15aaf_Car Racing Game.app */,
				2C76AEE920690F2600596BA5 /* Ni15aaf_Car Racing GameTests.xctest */,
				2C76AEF420690F2600596BA5 /* Ni15aaf_Car Racing GameUITests.xctest */,
			);
			name = Products;
			sourceTree = "<group>";
		};
		2C76AED720690F2600596BA5 /* Ni15aaf_Car Racing Game */ = {
			isa = PBXGroup;
			children = (
				2C76AED820690F2600596BA5 /* AppDelegate.swift */,
				2C76AEDA20690F2600596BA5 /* ViewController.swift */,
				2C76AEDC20690F2600596BA5 /* Main.storyboard */,
				2C76AEDF20690F2600596BA5 /* Assets.xcassets */,
				2C76AEE120690F2600596BA5 /* LaunchScreen.storyboard */,
				2C76AEE420690F2600596BA5 /* Info.plist */,
			);
			path = "Ni15aaf_Car Racing Game";
			sourceTree = "<group>";
		};
		2C76AEEC20690F2600596BA5 /* Ni15aaf_Car Racing GameTests */ = {
			isa = PBXGroup;
			children = (
				2C76AEED20690F2600596BA5 /* Ni15aaf_Car_Racing_GameTests.swift */,
				2C76AEEF20690F2600596BA5 /* Info.plist */,
			);
			path = "Ni15aaf_Car Racing GameTests";
			sourceTree = "<group>";
		};
		2C76AEF720690F2600596BA5 /* Ni15aaf_Car Racing GameUITests */ = {
			isa = PBXGroup;
			children = (
				2C76AEF820690F2600596BA5 /* Ni15aaf_Car_Racing_GameUITests.swift */,
				2C76AEFA20690F2600596BA5 /* Info.plist */,
			);
			path = "Ni15aaf_Car Racing GameUITests";
			sourceTree = "<group>";
		};
/* End PBXGroup section */

/* Begin PBXNativeTarget section */
		2C76AED420690F2600596BA5 /* Ni15aaf_Car Racing Game */ = {
			isa = PBXNativeTarget;
			buildConfigurationList = 2C76AEFD20690F2600596BA5 /* Build configuration list for PBXNativeTarget "Ni15aaf_Car Racing Game" */;
			buildPhases = (
				2C76AED120690F2600596BA5 /* Sources */,
				2C76AED220690F2600596BA5 /* Frameworks */,
				2C76AED320690F2600596BA5 /* Resources */,
			);
			buildRules = (
			);
			dependencies = (
			);
			name = "Ni15aaf_Car Racing Game";
			productName = "Ni15aaf_Car Racing Game";
			productReference = 2C76AED520690F2600596BA5 /* Ni15aaf_Car Racing Game.app */;
			productType = "com.apple.product-type.application";
		};
		2C76AEE820690F2600596BA5 /* Ni15aaf_Car Racing GameTests */ = {
			isa = PBXNativeTarget;
			buildConfigurationList = 2C76AF0020690F2600596BA5 /* Build configuration list for PBXNativeTarget "Ni15aaf_Car Racing GameTests" */;
			buildPhases = (
				2C76AEE520690F2600596BA5 /* Sources */,
				2C76AEE620690F2600596BA5 /* Frameworks */,
				2C76AEE720690F2600596BA5 /* Resources */,
			);
			buildRules = (
			);
			dependencies = (
				2C76AEEB20690F2600596BA5 /* PBXTargetDependency */,
			);
			name = "Ni15aaf_Car Racing GameTests";
			productName = "Ni15aaf_Car Racing GameTests";
			productReference = 2C76AEE920690F2600596BA5 /* Ni15aaf_Car Racing GameTests.xctest */;
			productType = "com.apple.product-type.bundle.unit-test";
		};
		2C76AEF320690F2600596BA5 /* Ni15aaf_Car Racing GameUITests */ = {
			isa = PBXNativeTarget;
			buildConfigurationList = 2C76AF0320690F2600596BA5 /* Build configuration list for PBXNativeTarget "Ni15aaf_Car Racing GameUITests" */;
			buildPhases = (
				2C76AEF020690F2600596BA5 /* Sources */,
				2C76AEF120690F2600596BA5 /* Frameworks */,
				2C76AEF220690F2600596BA5 /* Resources */,
			);
			buildRules = (
			);
			dependencies = (
				2C76AEF620690F2600596BA5 /* PBXTargetDependency */,
			);
			name = "Ni15aaf_Car Racing GameUITests";
			productName = "Ni15aaf_Car Racing GameUITests";
			productReference = 2C76AEF420690F2600596BA5 /* Ni15aaf_Car Racing GameUITests.xctest */;
			productType = "com.apple.product-type.bundle.ui-testing";
		};
/* End PBXNativeTarget section */

/* Begin PBXProject section */
		2C76AECD20690F2600596BA5 /* Project object */ = {
			isa = PBXProject;
			attributes = {
				LastSwiftUpdateCheck = 0830;
				LastUpgradeCheck = 0830;
				ORGANIZATIONNAME = ni15aaf;
				TargetAttributes = {
					2C76AED420690F2600596BA5 = {
						CreatedOnToolsVersion = 8.3.3;
						ProvisioningStyle = Automatic;
					};
					2C76AEE820690F2600596BA5 = {
						CreatedOnToolsVersion = 8.3.3;
						ProvisioningStyle = Automatic;
						TestTargetID = 2C76AED420690F2600596BA5;
					};
					2C76AEF320690F2600596BA5 = {
						CreatedOnToolsVersion = 8.3.3;
						ProvisioningStyle = Automatic;
						TestTargetID = 2C76AED420690F2600596BA5;
					};
				};
			};
			buildConfigurationList = 2C76AED020690F2600596BA5 /* Build configuration list for PBXProject "Ni15aaf_Car Racing Game" */;
			compatibilityVersion = "Xcode 3.2";
			developmentRegion = English;
			hasScannedForEncodings = 0;
			knownRegions = (
				en,
				Base,
			);
			mainGroup = 2C76AECC20690F2600596BA5;
			productRefGroup = 2C76AED620690F2600596BA5 /* Products */;
			projectDirPath = "";
			projectRoot = "";
			targets = (
				2C76AED420690F2600596BA5 /* Ni15aaf_Car Racing Game */,
				2C76AEE820690F2600596BA5 /* Ni15aaf_Car Racing GameTests */,
				2C76AEF320690F2600596BA5 /* Ni15aaf_Car Racing GameUITests */,
			);
		};
/* End PBXProject section */

/* Begin PBXResourcesBuildPhase section */
		2C76AED320690F2600596BA5 /* Resources */ = {
			isa = PBXResourcesBuildPhase;
			buildActionMask = 2147483647;
			files = (
				2C76AEE320690F2600596BA5 /* LaunchScreen.storyboard in Resources */,
				2C76AEE020690F2600596BA5 /* Assets.xcassets in Resources */,
				2C76AEDE20690F2600596BA5 /* Main.storyboard in Resources */,
			);
			runOnlyForDeploymentPostprocessing = 0;
		};
		2C76AEE720690F2600596BA5 /* Resources */ = {
			isa = PBXResourcesBuildPhase;
			buildActionMask = 2147483647;
			files = (
			);
			runOnlyForDeploymentPostprocessing = 0;
		};
		2C76AEF220690F2600596BA5 /* Resources */ = {
			isa = PBXResourcesBuildPhase;
			buildActionMask = 2147483647;
			files = (
			);
			runOnlyForDeploymentPostprocessing = 0;
		};
/* End PBXResourcesBuildPhase section */

/* Begin PBXSourcesBuildPhase section */
		2C76AED120690F2600596BA5 /* Sources */ = {
			isa = PBXSourcesBuildPhase;
			buildActionMask = 2147483647;
			files = (
				2C76AEDB20690F2600596BA5 /* ViewController.swift in Sources */,
				2C76AED920690F2600596BA5 /* AppDelegate.swift in Sources */,
			);
			runOnlyForDeploymentPostprocessing = 0;
		};
		2C76AEE520690F2600596BA5 /* Sources */ = {
			isa = PBXSourcesBuildPhase;
			buildActionMask = 2147483647;
			files = (
				2C76AEEE20690F2600596BA5 /* Ni15aaf_Car_Racing_GameTests.swift in Sources */,
			);
			runOnlyForDeploymentPostprocessing = 0;
		};
		2C76AEF020690F2600596BA5 /* Sources */ = {
			isa = PBXSourcesBuildPhase;
			buildActionMask = 2147483647;
			files = (
				2C76AEF920690F2600596BA5 /* Ni15aaf_Car_Racing_GameUITests.swift in Sources */,
			);
			runOnlyForDeploymentPostprocessing = 0;
		};
/* End PBXSourcesBuildPhase section */

/* Begin PBXTargetDependency section */
		2C76AEEB20690F2600596BA5 /* PBXTargetDependency */ = {
			isa = PBXTargetDependency;
			target = 2C76AED420690F2600596BA5 /* Ni15aaf_Car Racing Game */;
			targetProxy = 2C76AEEA20690F2600596BA5 /* PBXContainerItemProxy */;
		};
		2C76AEF620690F2600596BA5 /* PBXTargetDependency */ = {
			isa = PBXTargetDependency;
			target = 2C76AED420690F2600596BA5 /* Ni15aaf_Car Racing Game */;
			targetProxy = 2C76AEF520690F2600596BA5 /* PBXContainerItemProxy */;
		};
/* End PBXTargetDependency section */

/* Begin PBXVariantGroup section */
		2C76AEDC20690F2600596BA5 /* Main.storyboard */ = {
			isa = PBXVariantGroup;
			children = (
				2C76AEDD20690F2600596BA5 /* Base */,
			);
			name = Main.storyboard;
			sourceTree = "<group>";
		};
		2C76AEE120690F2600596BA5 /* LaunchScreen.storyboard */ = {
			isa = PBXVariantGroup;
			children = (
				2C76AEE220690F2600596BA5 /* Base */,
			);
			name = LaunchScreen.storyboard;
			sourceTree = "<group>";
		};
/* End PBXVariantGroup section */

/* Begin XCBuildConfiguration section */
		2C76AEFB20690F2600596BA5 /* Debug */ = {
			isa = XCBuildConfiguration;
			buildSettings = {
				ALWAYS_SEARCH_USER_PATHS = NO;
				CLANG_ANALYZER_NONNULL = YES;
				CLANG_ANALYZER_NUMBER_OBJECT_CONVERSION = YES_AGGRESSIVE;
				CLANG_CXX_LANGUAGE_STANDARD = "gnu++0x";
				CLANG_CXX_LIBRARY = "libc++";
				CLANG_ENABLE_MODULES = YES;
				CLANG_ENABLE_OBJC_ARC = YES;
				CLANG_WARN_BOOL_CONVERSION = YES;
				CLANG_WARN_CONSTANT_CONVERSION = YES;
				CLANG_WARN_DIRECT_OBJC_ISA_USAGE = YES_ERROR;
				CLANG_WARN_DOCUMENTATION_COMMENTS = YES;
				CLANG_WARN_EMPTY_BODY = YES;
				CLANG_WARN_ENUM_CONVERSION = YES;
				CLANG_WARN_INFINITE_RECURSION = YES;
				CLANG_WARN_INT_CONVERSION = YES;
				CLANG_WARN_OBJC_ROOT_CLASS = YES_ERROR;
				CLANG_WARN_SUSPICIOUS_MOVE = YES;
				CLANG_WARN_UNREACHABLE_CODE = YES;
				CLANG_WARN__DUPLICATE_METHOD_MATCH = YES;
				"CODE_SIGN_IDENTITY[sdk=iphoneos*]" = "iPhone Developer";
				COPY_PHASE_STRIP = NO;
				DEBUG_INFORMATION_FORMAT = dwarf;
				ENABLE_STRICT_OBJC_MSGSEND = YES;
				ENABLE_TESTABILITY = YES;
				GCC_C_LANGUAGE_STANDARD = gnu99;
				GCC_DYNAMIC_NO_PIC = NO;
				GCC_NO_COMMON_BLOCKS = YES;
				GCC_OPTIMIZATION_LEVEL = 0;
				GCC_PREPROCESSOR_DEFINITIONS = (
					"DEBUG=1",
					"$(inherited)",
				);
				GCC_WARN_64_TO_32_BIT_CONVERSION = YES;
				GCC_WARN_ABOUT_RETURN_TYPE = YES_ERROR;
				GCC_WARN_UNDECLARED_SELECTOR = YES;
				GCC_WARN_UNINITIALIZED_AUTOS = YES_AGGRESSIVE;
				GCC_WARN_UNUSED_FUNCTION = YES;
				GCC_WARN_UNUSED_VARIABLE = YES;
				IPHONEOS_DEPLOYMENT_TARGET = 10.3;
				MTL_ENABLE_DEBUG_INFO = YES;
				ONLY_ACTIVE_ARCH = YES;
				SDKROOT = iphoneos;
				SWIFT_ACTIVE_COMPILATION_CONDITIONS = DEBUG;
				SWIFT_OPTIMIZATION_LEVEL = "-Onone";
				TARGETED_DEVICE_FAMILY = "1,2";
			};
			name = Debug;
		};
		2C76AEFC20690F2600596BA5 /* Release */ = {
			isa = XCBuildConfiguration;
			buildSettings = {
				ALWAYS_SEARCH_USER_PATHS = NO;
				CLANG_ANALYZER_NONNULL = YES;
				CLANG_ANALYZER_NUMBER_OBJECT_CONVERSION = YES_AGGRESSIVE;
				CLANG_CXX_LANGUAGE_STANDARD = "gnu++0x";
				CLANG_CXX_LIBRARY = "libc++";
				CLANG_ENABLE_MODULES = YES;
				CLANG_ENABLE_OBJC_ARC = YES;
				CLANG_WARN_BOOL_CONVERSION = YES;
				CLANG_WARN_CONSTANT_CONVERSION = YES;
				CLANG_WARN_DIRECT_OBJC_ISA_USAGE = YES_ERROR;
				CLANG_WARN_DOCUMENTATION_COMMENTS = YES;
				CLANG_WARN_EMPTY_BODY = YES;
				CLANG_WARN_ENUM_CONVERSION = YES;
				CLANG_WARN_INFINITE_RECURSION = YES;
				CLANG_WARN_INT_CONVERSION = YES;
				CLANG_WARN_OBJC_ROOT_CLASS = YES_ERROR;
				CLANG_WARN_SUSPICIOUS_MOVE = YES;
				CLANG_WARN_UNREACHABLE_CODE = YES;
				CLANG_WARN__DUPLICATE_METHOD_MATCH = YES;
				"CODE_SIGN_IDENTITY[sdk=iphoneos*]" = "iPhone Developer";
				COPY_PHASE_STRIP = NO;
				DEBUG_INFORMATION_FORMAT = "dwarf-with-dsym";
				ENABLE_NS_ASSERTIONS = NO;
				ENABLE_STRICT_OBJC_MSGSEND = YES;
				GCC_C_LANGUAGE_STANDARD = gnu99;
				GCC_NO_COMMON_BLOCKS = YES;
				GCC_WARN_64_TO_32_BIT_CONVERSION = YES;
				GCC_WARN_ABOUT_RETURN_TYPE = YES_ERROR;
				GCC_WARN_UNDECLARED_SELECTOR = YES;
				GCC_WARN_UNINITIALIZED_AUTOS = YES_AGGRESSIVE;
				GCC_WARN_UNUSED_FUNCTION = YES;
				GCC_WARN_UNUSED_VARIABLE = YES;
				IPHONEOS_DEPLOYMENT_TARGET = 10.3;
				MTL_ENABLE_DEBUG_INFO = NO;
				SDKROOT = iphoneos;
				SWIFT_OPTIMIZATION_LEVEL = "-Owholemodule";
				TARGETED_DEVICE_FAMILY = "1,2";
				VALIDATE_PRODUCT = YES;
			};
			name = Release;
		};
		2C76AEFE20690F2600596BA5 /* Debug */ = {
			isa = XCBuildConfiguration;
			buildSettings = {
				ASSETCATALOG_COMPILER_APPICON_NAME = AppIcon;
				INFOPLIST_FILE = "Ni15aaf_Car Racing Game/Info.plist";
				LD_RUNPATH_SEARCH_PATHS = "$(inherited) @executable_path/Frameworks";
				PRODUCT_BUNDLE_IDENTIFIER = "com.uh.Ni15aaf-Car-Racing-Game";
				PRODUCT_NAME = "$(TARGET_NAME)";
				SWIFT_VERSION = 3.0;
			};
			name = Debug;
		};
		2C76AEFF20690F2600596BA5 /* Release */ = {
			isa = XCBuildConfiguration;
			buildSettings = {
				ASSETCATALOG_COMPILER_APPICON_NAME = AppIcon;
				INFOPLIST_FILE = "Ni15aaf_Car Racing Game/Info.plist";
				LD_RUNPATH_SEARCH_PATHS = "$(inherited) @executable_path/Frameworks";
				PRODUCT_BUNDLE_IDENTIFIER = "com.uh.Ni15aaf-Car-Racing-Game";
				PRODUCT_NAME = "$(TARGET_NAME)";
				SWIFT_VERSION = 3.0;
			};
			name = Release;
		};
		2C76AF0120690F2600596BA5 /* Debug */ = {
			isa = XCBuildConfiguration;
			buildSettings = {
				ALWAYS_EMBED_SWIFT_STANDARD_LIBRARIES = YES;
				BUNDLE_LOADER = "$(TEST_HOST)";
				INFOPLIST_FILE = "Ni15aaf_Car Racing GameTests/Info.plist";
				LD_RUNPATH_SEARCH_PATHS = "$(inherited) @executable_path/Frameworks @loader_path/Frameworks";
				PRODUCT_BUNDLE_IDENTIFIER = "com.uh.Ni15aaf-Car-Racing-GameTests";
				PRODUCT_NAME = "$(TARGET_NAME)";
				SWIFT_VERSION = 3.0;
				TEST_HOST = "$(BUILT_PRODUCTS_DIR)/Ni15aaf_Car Racing Game.app/Ni15aaf_Car Racing Game";
			};
			name = Debug;
		};
		2C76AF0220690F2600596BA5 /* Release */ = {
			isa = XCBuildConfiguration;
			buildSettings = {
				ALWAYS_EMBED_SWIFT_STANDARD_LIBRARIES = YES;
				BUNDLE_LOADER = "$(TEST_HOST)";
				INFOPLIST_FILE = "Ni15aaf_Car Racing GameTests/Info.plist";
				LD_RUNPATH_SEARCH_PATHS = "$(inherited) @executable_path/Frameworks @loader_path/Frameworks";
				PRODUCT_BUNDLE_IDENTIFIER = "com.uh.Ni15aaf-Car-Racing-GameTests";
				PRODUCT_NAME = "$(TARGET_NAME)";
				SWIFT_VERSION = 3.0;
				TEST_HOST = "$(BUILT_PRODUCTS_DIR)/Ni15aaf_Car Racing Game.app/Ni15aaf_Car Racing Game";
			};
			name = Release;
		};
		2C76AF0420690F2600596BA5 /* Debug */ = {
			isa = XCBuildConfiguration;
			buildSettings = {
				ALWAYS_EMBED_SWIFT_STANDARD_LIBRARIES = YES;
				INFOPLIST_FILE = "Ni15aaf_Car Racing GameUITests/Info.plist";
				LD_RUNPATH_SEARCH_PATHS = "$(inherited) @executable_path/Frameworks @loader_path/Frameworks";
				PRODUCT_BUNDLE_IDENTIFIER = "com.uh.Ni15aaf-Car-Racing-GameUITests";
				PRODUCT_NAME = "$(TARGET_NAME)";
				SWIFT_VERSION = 3.0;
				TEST_TARGET_NAME = "Ni15aaf_Car Racing Game";
			};
			name = Debug;
		};
		2C76AF0520690F2600596BA5 /* Release */ = {
			isa = XCBuildConfiguration;
			buildSettings = {
				ALWAYS_EMBED_SWIFT_STANDARD_LIBRARIES = YES;
				INFOPLIST_FILE = "Ni15aaf_Car Racing GameUITests/Info.plist";
				LD_RUNPATH_SEARCH_PATHS = "$(inherited) @executable_path/Frameworks @loader_path/Frameworks";
				PRODUCT_BUNDLE_IDENTIFIER = "com.uh.Ni15aaf-Car-Racing-GameUITests";
				PRODUCT_NAME = "$(TARGET_NAME)";
				SWIFT_VERSION = 3.0;
				TEST_TARGET_NAME = "Ni15aaf_Car Racing Game";
			};
			name = Release;
		};
/* End XCBuildConfiguration section */

/* Begin XCConfigurationList section */
		2C76AED020690F2600596BA5 /* Build configuration list for PBXProject "Ni15aaf_Car Racing Game" */ = {
			isa = XCConfigurationList;
			buildConfigurations = (
				2C76AEFB20690F2600596BA5 /* Debug */,
				2C76AEFC20690F2600596BA5 /* Release */,
			);
			defaultConfigurationIsVisible = 0;
			defaultConfigurationName = Release;
		};
		2C76AEFD20690F2600596BA5 /* Build configuration list for PBXNativeTarget "Ni15aaf_Car Racing Game" */ = {
			isa = XCConfigurationList;
			buildConfigurations = (
				2C76AEFE20690F2600596BA5 /* Debug */,
				2C76AEFF20690F2600596BA5 /* Release */,
			);
			defaultConfigurationIsVisible = 0;
		};
		2C76AF0020690F2600596BA5 /* Build configuration list for PBXNativeTarget "Ni15aaf_Car Racing GameTests" */ = {
			isa = XCConfigurationList;
			buildConfigurations = (
				2C76AF0120690F2600596BA5 /* Debug */,
				2C76AF0220690F2600596BA5 /* Release */,
			);
			defaultConfigurationIsVisible = 0;
		};
		2C76AF0320690F2600596BA5 /* Build configuration list for PBXNativeTarget "Ni15aaf_Car Racing GameUITests" */ = {
			isa = XCConfigurationList;
			buildConfigurations = (
				2C76AF0420690F2600596BA5 /* Debug */,
				2C76AF0520690F2600596BA5 /* Release */,
			);
			defaultConfigurationIsVisible = 0;
		};
/* End XCConfigurationList section */
	};
	rootObject = 2C76AECD20690F2600596BA5 /* Project object */;
}
